# This file is automatically @generated by tinymist.
# It is not intended for manual editing.
version = "0.1.0-beta0"

[[document]]
font-paths = ["file:fonts", "file:../../../../../../usr/local/share/fonts"]
id = "file:presentation.typ"
inputs = []
main = "file:presentation.typ"
root = "file:."
system-fonts = true

[[document]]
font-paths = ["file:fonts", "file:../../../../../../usr/local/share/fonts"]
id = "file:utils.typ"
inputs = []
main = "file:utils.typ"
root = "file:."
system-fonts = true

[[route]]
id = "file:utils.typ"
priority = 256

[[route]]
id = "file:presentation.typ"
priority = 256

[[task]]
document = "file:presentation.typ"
id = "file:presentation.typ"
output = ""
type = "export-pdf"
when = "onSave"

[[task]]
document = "file:utils.typ"
id = "file:utils.typ"
output = ""
type = "export-pdf"
when = "onSave"
